
Microsoft Visual Studio Solution File, Format Version 12.00
# Visual Studio Version 17
VisualStudioVersion = 17.8.34511.84
MinimumVisualStudioVersion = 10.0.40219.1
Project("{FAE04EC0-301F-11D3-BF4B-00C04F79EFBC}") = "DemoWebApi02082024", "DemoWebApi02082024\DemoWebApi02082024.csproj", "{D90D45B2-5467-441E-AD5C-A40DA5715695}"
EndProject
Global
	GlobalSection(SolutionConfigurationPlatforms) = preSolution
		Debug|Any CPU = Debug|Any CPU
		Release|Any CPU = Release|Any CPU
	EndGlobalSection
	GlobalSection(ProjectConfigurationPlatforms) = postSolution
		{D90D45B2-5467-441E-AD5C-A40DA5715695}.Debug|Any CPU.ActiveCfg = Debug|Any CPU
		{D90D45B2-5467-441E-AD5C-A40DA5715695}.Debug|Any CPU.Build.0 = Debug|Any CPU
		{D90D45B2-5467-441E-AD5C-A40DA5715695}.Release|Any CPU.ActiveCfg = Release|Any CPU
		{D90D45B2-5467-441E-AD5C-A40DA5715695}.Release|Any CPU.Build.0 = Release|Any CPU
	EndGlobalSection
	GlobalSection(SolutionProperties) = preSolution
		HideSolutionNode = FALSE
	EndGlobalSection
	GlobalSection(ExtensibilityGlobals) = postSolution
		SolutionGuid = {0FEB96C0-72AA-4788-9EE8-DD5A0951A19A}
	EndGlobalSection
EndGlobal
